
Microsoft Visual Studio Solution File, Format Version 12.00
# Visual Studio Version 17
VisualStudioVersion = 17.5.33530.505
MinimumVisualStudioVersion = 10.0.40219.1
Project("{9A19103F-16F7-4668-BE54-9A1E7A4F7556}") = "database_oop_project", "database_oop_project.csproj", "{A7E41B15-C062-49F5-9001-AACE3FF5471F}"
EndProject
Global
	GlobalSection(SolutionConfigurationPlatforms) = preSolution
		Debug|Any CPU = Debug|Any CPU
		Release|Any CPU = Release|Any CPU
	EndGlobalSection
	GlobalSection(ProjectConfigurationPlatforms) = postSolution
		{A7E41B15-C062-49F5-9001-AACE3FF5471F}.Debug|Any CPU.ActiveCfg = Debug|Any CPU
		{A7E41B15-C062-49F5-9001-AACE3FF5471F}.Debug|Any CPU.Build.0 = Debug|Any CPU
		{A7E41B15-C062-49F5-9001-AACE3FF5471F}.Release|Any CPU.ActiveCfg = Release|Any CPU
		{A7E41B15-C062-49F5-9001-AACE3FF5471F}.Release|Any CPU.Build.0 = Release|Any CPU
	EndGlobalSection
	GlobalSection(SolutionProperties) = preSolution
		HideSolutionNode = FALSE
	EndGlobalSection
	GlobalSection(ExtensibilityGlobals) = postSolution
		SolutionGuid = {D91C88E3-2286-4F06-BF3F-DD0304D349DA}
	EndGlobalSection
EndGlobal
